PODS:
  - SnapKit (4.0.0)
  - SwpExtension/SwpBase64Extension (0.0.5):
    - SwpExtension/SwpExtensionBase
  - SwpExtension/SwpBundleExtension (0.0.5):
    - SwpExtension/SwpExtensionBase
  - SwpExtension/SwpButtonExtension (0.0.5):
    - SwpExtension/SwpExtensionBase
  - SwpExtension/SwpCGFloatExtension (0.0.5):
    - SwpExtension/SwpExtensionBase
  - SwpExtension/SwpColorExtension (0.0.5):
    - SwpExtension/SwpExtensionBase
  - SwpExtension/SwpDoubleExtension (0.0.5):
    - SwpExtension/SwpExtensionBase
  - SwpExtension/SwpExtensionBase (0.0.5)
  - SwpExtension/SwpFloatExtension (0.0.5):
    - SwpExtension/SwpExtensionBase
  - SwpExtension/SwpFontExtension (0.0.5):
    - SwpExtension/SwpExtensionBase
  - SwpExtension/SwpImageExtension (0.0.5):
    - SwpExtension/SwpExtensionBase
  - SwpExtension/SwpImageViewExtension (0.0.5):
    - SwpExtension/SwpExtensionBase
  - SwpExtension/SwpIntExtension (0.0.5):
    - SwpExtension/SwpExtensionBase
  - SwpExtension/SwpMD5Extension (0.0.5):
    - SwpExtension/SwpExtensionBase
  - SwpExtension/SwpNavigationBarExtension (0.0.5):
    - SwpExtension/SwpExtensionBase
  - SwpExtension/SwpScreenExtension (0.0.5):
    - SwpExtension/SwpExtensionBase
  - SwpExtension/SwpStringExtension (0.0.5):
    - SwpExtension/SwpExtensionBase
  - SwpExtension/SwpTextFieldExtension (0.0.5):
    - SwpExtension/SwpExtensionBase
  - SwpExtension/SwpUserDefaultsExtension (0.0.5):
    - SwpExtension/SwpExtensionBase
  - SwpExtension/SwpViewExtension (0.0.5):
    - SwpExtension/SwpExtensionBase

DEPENDENCIES:
  - SnapKit
  - SwpExtension/SwpBase64Extension (from `../`)
  - SwpExtension/SwpBundleExtension (from `../`)
  - SwpExtension/SwpButtonExtension (from `../`)
  - SwpExtension/SwpCGFloatExtension (from `../`)
  - SwpExtension/SwpColorExtension (from `../`)
  - SwpExtension/SwpDoubleExtension (from `../`)
  - SwpExtension/SwpFloatExtension (from `../`)
  - SwpExtension/SwpFontExtension (from `../`)
  - SwpExtension/SwpImageExtension (from `../`)
  - SwpExtension/SwpImageViewExtension (from `../`)
  - SwpExtension/SwpIntExtension (from `../`)
  - SwpExtension/SwpMD5Extension (from `../`)
  - SwpExtension/SwpNavigationBarExtension (from `../`)
  - SwpExtension/SwpScreenExtension (from `../`)
  - SwpExtension/SwpStringExtension (from `../`)
  - SwpExtension/SwpTextFieldExtension (from `../`)
  - SwpExtension/SwpUserDefaultsExtension (from `../`)
  - SwpExtension/SwpViewExtension (from `../`)

SPEC REPOS:
  https://github.com/cocoapods/specs.git:
    - SnapKit

EXTERNAL SOURCES:
  SwpExtension:
    :path: "../"

SPEC CHECKSUMS:
  SnapKit: a42d492c16e80209130a3379f73596c3454b7694
  SwpExtension: de204f045f681dd1f413dfd5862075576e8f45c2

PODFILE CHECKSUM: 912bc7fbc914362c8960bc0d9fd0298a92b28c2f

COCOAPODS: 1.6.0.beta.1
