PODS:
  - SnapKit (4.0.0)
  - SwpExtension/SwpBase64Extension (0.0.2)
  - SwpExtension/SwpBundleExtension (0.0.2)
  - SwpExtension/SwpButtonExtension (0.0.2)
  - SwpExtension/SwpColorExtension (0.0.2)
  - SwpExtension/SwpFontExtension (0.0.2)
  - SwpExtension/SwpMD5Extension (0.0.2)
  - SwpExtension/SwpNavigationBarExtension (0.0.2)
  - SwpExtension/SwpStringSpaceExtension (0.0.2)
  - SwpExtension/SwpUserDefaultsExtension (0.0.2)
  - SwpExtension/SwpViewFrameExtension (0.0.2)

DEPENDENCIES:
  - SnapKit
  - SwpExtension/SwpBase64Extension (from `../`)
  - SwpExtension/SwpBundleExtension (from `../`)
  - SwpExtension/SwpButtonExtension (from `../`)
  - SwpExtension/SwpColorExtension (from `../`)
  - SwpExtension/SwpFontExtension (from `../`)
  - SwpExtension/SwpMD5Extension (from `../`)
  - SwpExtension/SwpNavigationBarExtension (from `../`)
  - SwpExtension/SwpStringSpaceExtension (from `../`)
  - SwpExtension/SwpUserDefaultsExtension (from `../`)
  - SwpExtension/SwpViewFrameExtension (from `../`)

SPEC REPOS:
  https://github.com/cocoapods/specs.git:
    - SnapKit

EXTERNAL SOURCES:
  SwpExtension:
    :path: "../"

SPEC CHECKSUMS:
  SnapKit: a42d492c16e80209130a3379f73596c3454b7694
  SwpExtension: 69681e350f958717e7b0814aa70b757f6f254a3e

PODFILE CHECKSUM: fe00aba625447dbddfe1c5336a08453db5b3a70a

COCOAPODS: 1.6.0.beta.1
