PODS:
  - SnapKit (4.0.0)
  - SwpExtension/SwpBase64Extension (0.0.2)
  - SwpExtension/SwpBundleExtension (0.0.2)
  - SwpExtension/SwpButtonExtension (0.0.2)
  - SwpExtension/SwpColorExtension (0.0.2)
  - SwpExtension/SwpFontExtension (0.0.2)
  - SwpExtension/SwpMD5Extension (0.0.2)
  - SwpExtension/SwpNavigationBarExtension (0.0.2)
  - SwpExtension/SwpStringSpaceExtension (0.0.2)
  - SwpExtension/SwpTextFieldExtension (0.0.2)
  - SwpExtension/SwpUserDefaultsExtension (0.0.2)
  - SwpExtension/SwpViewFrameExtension (0.0.2)

DEPENDENCIES:
  - SnapKit
  - SwpExtension/SwpBase64Extension (from `../`)
  - SwpExtension/SwpBundleExtension (from `../`)
  - SwpExtension/SwpButtonExtension (from `../`)
  - SwpExtension/SwpColorExtension (from `../`)
  - SwpExtension/SwpFontExtension (from `../`)
  - SwpExtension/SwpMD5Extension (from `../`)
  - SwpExtension/SwpNavigationBarExtension (from `../`)
  - SwpExtension/SwpStringSpaceExtension (from `../`)
  - SwpExtension/SwpTextFieldExtension (from `../`)
  - SwpExtension/SwpUserDefaultsExtension (from `../`)
  - SwpExtension/SwpViewFrameExtension (from `../`)

SPEC REPOS:
  https://github.com/cocoapods/specs.git:
    - SnapKit

EXTERNAL SOURCES:
  SwpExtension:
    :path: "../"

SPEC CHECKSUMS:
  SnapKit: a42d492c16e80209130a3379f73596c3454b7694
  SwpExtension: 3e0ef1cd62dc4187f2a492cc8464e11bc7988244

PODFILE CHECKSUM: 658d8853c00a845ee90c78beccb00ac2651776a0

COCOAPODS: 1.6.0.beta.1
