// !$*UTF8*$!
{
	archiveVersion = 1;
	classes = {
	};
	objectVersion = 50;
	objects = {

/* Begin PBXBuildFile section */
		2D95AE45215A630300406FDB /* AppDelegate.swift in Sources */ = {isa = PBXBuildFile; fileRef = 2D95AE44215A630300406FDB /* AppDelegate.swift */; };
		2D95AE4A215A630300406FDB /* Main.storyboard in Resources */ = {isa = PBXBuildFile; fileRef = 2D95AE48215A630300406FDB /* Main.storyboard */; };
		2D95AE4C215A630400406FDB /* Assets.xcassets in Resources */ = {isa = PBXBuildFile; fileRef = 2D95AE4B215A630400406FDB /* Assets.xcassets */; };
		2D95AE4F215A630400406FDB /* LaunchScreen.storyboard in Resources */ = {isa = PBXBuildFile; fileRef = 2D95AE4D215A630400406FDB /* LaunchScreen.storyboard */; };
		5154E315F1A36F52CF95455A /* Pods_SwpExtensionDemo.framework in Frameworks */ = {isa = PBXBuildFile; fileRef = 07A75FF0977F10FFB3EF9F8B /* Pods_SwpExtensionDemo.framework */; };
		F13637982171BFA600786832 /* DemoListViewController.swift in Sources */ = {isa = PBXBuildFile; fileRef = F13637752171BFA600786832 /* DemoListViewController.swift */; };
		F13637992171BFA600786832 /* DemoListModel.swift in Sources */ = {isa = PBXBuildFile; fileRef = F13637772171BFA600786832 /* DemoListModel.swift */; };
		F136379A2171BFA600786832 /* DemoListCell.swift in Sources */ = {isa = PBXBuildFile; fileRef = F13637792171BFA600786832 /* DemoListCell.swift */; };
		F136379B2171BFA600786832 /* DemoListView.swift in Sources */ = {isa = PBXBuildFile; fileRef = F136377A2171BFA600786832 /* DemoListView.swift */; };
		F136379C2171BFA600786832 /* UIButtonViewController.swift in Sources */ = {isa = PBXBuildFile; fileRef = F136377E2171BFA600786832 /* UIButtonViewController.swift */; };
		F136379D2171BFA600786832 /* UITextFieldViewController.swift in Sources */ = {isa = PBXBuildFile; fileRef = F13637812171BFA600786832 /* UITextFieldViewController.swift */; };
		F136379E2171BFA600786832 /* UIDemoListViewController.swift in Sources */ = {isa = PBXBuildFile; fileRef = F13637842171BFA600786832 /* UIDemoListViewController.swift */; };
		F136379F2171BFA600786832 /* UIDemoModel.plist in Resources */ = {isa = PBXBuildFile; fileRef = F13637862171BFA600786832 /* UIDemoModel.plist */; };
		F13637A02171BFA600786832 /* NavigationDemoListViewController.swift in Sources */ = {isa = PBXBuildFile; fileRef = F136378B2171BFA600786832 /* NavigationDemoListViewController.swift */; };
		F13637A12171BFA600786832 /* NavigationDemoListModel.plist in Resources */ = {isa = PBXBuildFile; fileRef = F136378D2171BFA600786832 /* NavigationDemoListModel.plist */; };
		F13637A22171BFA600786832 /* EXNavigationController.swift in Sources */ = {isa = PBXBuildFile; fileRef = F13637912171BFA600786832 /* EXNavigationController.swift */; };
		F13637A32171BFA600786832 /* EXBaseViewController.swift in Sources */ = {isa = PBXBuildFile; fileRef = F13637922171BFA600786832 /* EXBaseViewController.swift */; };
		F13637A42171BFA600786832 /* EXTabBarController.swift in Sources */ = {isa = PBXBuildFile; fileRef = F13637932171BFA600786832 /* EXTabBarController.swift */; };
		F13637A52171BFA600786832 /* EXBaseCell.swift in Sources */ = {isa = PBXBuildFile; fileRef = F13637952171BFA600786832 /* EXBaseCell.swift */; };
		F13637A62171BFA600786832 /* EXBaseTableView.swift in Sources */ = {isa = PBXBuildFile; fileRef = F13637962171BFA600786832 /* EXBaseTableView.swift */; };
		F13637A72171BFA600786832 /* EXBaseEventProtocol.swift in Sources */ = {isa = PBXBuildFile; fileRef = F13637972171BFA600786832 /* EXBaseEventProtocol.swift */; };
/* End PBXBuildFile section */

/* Begin PBXFileReference section */
		07A75FF0977F10FFB3EF9F8B /* Pods_SwpExtensionDemo.framework */ = {isa = PBXFileReference; explicitFileType = wrapper.framework; includeInIndex = 0; path = Pods_SwpExtensionDemo.framework; sourceTree = BUILT_PRODUCTS_DIR; };
		2D95AE41215A630300406FDB /* SwpExtensionDemo.app */ = {isa = PBXFileReference; explicitFileType = wrapper.application; includeInIndex = 0; path = SwpExtensionDemo.app; sourceTree = BUILT_PRODUCTS_DIR; };
		2D95AE44215A630300406FDB /* AppDelegate.swift */ = {isa = PBXFileReference; lastKnownFileType = sourcecode.swift; path = AppDelegate.swift; sourceTree = "<group>"; };
		2D95AE49215A630300406FDB /* Base */ = {isa = PBXFileReference; lastKnownFileType = file.storyboard; name = Base; path = Base.lproj/Main.storyboard; sourceTree = "<group>"; };
		2D95AE4B215A630400406FDB /* Assets.xcassets */ = {isa = PBXFileReference; lastKnownFileType = folder.assetcatalog; path = Assets.xcassets; sourceTree = "<group>"; };
		2D95AE4E215A630400406FDB /* Base */ = {isa = PBXFileReference; lastKnownFileType = file.storyboard; name = Base; path = Base.lproj/LaunchScreen.storyboard; sourceTree = "<group>"; };
		2D95AE50215A630400406FDB /* Info.plist */ = {isa = PBXFileReference; lastKnownFileType = text.plist.xml; path = Info.plist; sourceTree = "<group>"; };
		9206BD3091E0461378703813 /* Pods-SwpExtensionDemo.release.xcconfig */ = {isa = PBXFileReference; includeInIndex = 1; lastKnownFileType = text.xcconfig; name = "Pods-SwpExtensionDemo.release.xcconfig"; path = "Target Support Files/Pods-SwpExtensionDemo/Pods-SwpExtensionDemo.release.xcconfig"; sourceTree = "<group>"; };
		9E0B5E110A848D4DB7D9683E /* Pods-SwpExtensionDemo.debug.xcconfig */ = {isa = PBXFileReference; includeInIndex = 1; lastKnownFileType = text.xcconfig; name = "Pods-SwpExtensionDemo.debug.xcconfig"; path = "Target Support Files/Pods-SwpExtensionDemo/Pods-SwpExtensionDemo.debug.xcconfig"; sourceTree = "<group>"; };
		F13637752171BFA600786832 /* DemoListViewController.swift */ = {isa = PBXFileReference; fileEncoding = 4; lastKnownFileType = sourcecode.swift; path = DemoListViewController.swift; sourceTree = "<group>"; };
		F13637772171BFA600786832 /* DemoListModel.swift */ = {isa = PBXFileReference; fileEncoding = 4; lastKnownFileType = sourcecode.swift; path = DemoListModel.swift; sourceTree = "<group>"; };
		F13637792171BFA600786832 /* DemoListCell.swift */ = {isa = PBXFileReference; fileEncoding = 4; lastKnownFileType = sourcecode.swift; path = DemoListCell.swift; sourceTree = "<group>"; };
		F136377A2171BFA600786832 /* DemoListView.swift */ = {isa = PBXFileReference; fileEncoding = 4; lastKnownFileType = sourcecode.swift; path = DemoListView.swift; sourceTree = "<group>"; };
		F136377E2171BFA600786832 /* UIButtonViewController.swift */ = {isa = PBXFileReference; fileEncoding = 4; lastKnownFileType = sourcecode.swift; path = UIButtonViewController.swift; sourceTree = "<group>"; };
		F13637812171BFA600786832 /* UITextFieldViewController.swift */ = {isa = PBXFileReference; fileEncoding = 4; lastKnownFileType = sourcecode.swift; path = UITextFieldViewController.swift; sourceTree = "<group>"; };
		F13637842171BFA600786832 /* UIDemoListViewController.swift */ = {isa = PBXFileReference; fileEncoding = 4; lastKnownFileType = sourcecode.swift; path = UIDemoListViewController.swift; sourceTree = "<group>"; };
		F13637862171BFA600786832 /* UIDemoModel.plist */ = {isa = PBXFileReference; fileEncoding = 4; lastKnownFileType = text.plist.xml; path = UIDemoModel.plist; sourceTree = "<group>"; };
		F136378B2171BFA600786832 /* NavigationDemoListViewController.swift */ = {isa = PBXFileReference; fileEncoding = 4; lastKnownFileType = sourcecode.swift; path = NavigationDemoListViewController.swift; sourceTree = "<group>"; };
		F136378D2171BFA600786832 /* NavigationDemoListModel.plist */ = {isa = PBXFileReference; fileEncoding = 4; lastKnownFileType = text.plist.xml; path = NavigationDemoListModel.plist; sourceTree = "<group>"; };
		F13637912171BFA600786832 /* EXNavigationController.swift */ = {isa = PBXFileReference; fileEncoding = 4; lastKnownFileType = sourcecode.swift; path = EXNavigationController.swift; sourceTree = "<group>"; };
		F13637922171BFA600786832 /* EXBaseViewController.swift */ = {isa = PBXFileReference; fileEncoding = 4; lastKnownFileType = sourcecode.swift; path = EXBaseViewController.swift; sourceTree = "<group>"; };
		F13637932171BFA600786832 /* EXTabBarController.swift */ = {isa = PBXFileReference; fileEncoding = 4; lastKnownFileType = sourcecode.swift; path = EXTabBarController.swift; sourceTree = "<group>"; };
		F13637952171BFA600786832 /* EXBaseCell.swift */ = {isa = PBXFileReference; fileEncoding = 4; lastKnownFileType = sourcecode.swift; path = EXBaseCell.swift; sourceTree = "<group>"; };
		F13637962171BFA600786832 /* EXBaseTableView.swift */ = {isa = PBXFileReference; fileEncoding = 4; lastKnownFileType = sourcecode.swift; path = EXBaseTableView.swift; sourceTree = "<group>"; };
		F13637972171BFA600786832 /* EXBaseEventProtocol.swift */ = {isa = PBXFileReference; fileEncoding = 4; lastKnownFileType = sourcecode.swift; path = EXBaseEventProtocol.swift; sourceTree = "<group>"; };
/* End PBXFileReference section */

/* Begin PBXFrameworksBuildPhase section */
		2D95AE3E215A630300406FDB /* Frameworks */ = {
			isa = PBXFrameworksBuildPhase;
			buildActionMask = 2147483647;
			files = (
				5154E315F1A36F52CF95455A /* Pods_SwpExtensionDemo.framework in Frameworks */,
			);
			runOnlyForDeploymentPostprocessing = 0;
		};
/* End PBXFrameworksBuildPhase section */

/* Begin PBXGroup section */
		2D95AE38215A630300406FDB = {
			isa = PBXGroup;
			children = (
				2D95AE43215A630300406FDB /* SwpExtensionDemo */,
				2D95AE42215A630300406FDB /* Products */,
				76562A8F60F542DDE5007923 /* Pods */,
				301CC1503A251010C07F0D84 /* Frameworks */,
			);
			sourceTree = "<group>";
		};
		2D95AE42215A630300406FDB /* Products */ = {
			isa = PBXGroup;
			children = (
				2D95AE41215A630300406FDB /* SwpExtensionDemo.app */,
			);
			name = Products;
			sourceTree = "<group>";
		};
		2D95AE43215A630300406FDB /* SwpExtensionDemo */ = {
			isa = PBXGroup;
			children = (
				F13637702171BFA600786832 /* Code */,
				2D95AE44215A630300406FDB /* AppDelegate.swift */,
				2D95AE48215A630300406FDB /* Main.storyboard */,
				2D95AE4B215A630400406FDB /* Assets.xcassets */,
				2D95AE4D215A630400406FDB /* LaunchScreen.storyboard */,
				2D95AE50215A630400406FDB /* Info.plist */,
			);
			path = SwpExtensionDemo;
			sourceTree = "<group>";
		};
		301CC1503A251010C07F0D84 /* Frameworks */ = {
			isa = PBXGroup;
			children = (
				07A75FF0977F10FFB3EF9F8B /* Pods_SwpExtensionDemo.framework */,
			);
			name = Frameworks;
			sourceTree = "<group>";
		};
		76562A8F60F542DDE5007923 /* Pods */ = {
			isa = PBXGroup;
			children = (
				9E0B5E110A848D4DB7D9683E /* Pods-SwpExtensionDemo.debug.xcconfig */,
				9206BD3091E0461378703813 /* Pods-SwpExtensionDemo.release.xcconfig */,
			);
			path = Pods;
			sourceTree = "<group>";
		};
		F13637702171BFA600786832 /* Code */ = {
			isa = PBXGroup;
			children = (
				F13637712171BFA600786832 /* Demo */,
				F136378F2171BFA600786832 /* Main */,
			);
			path = Code;
			sourceTree = "<group>";
		};
		F13637712171BFA600786832 /* Demo */ = {
			isa = PBXGroup;
			children = (
				F13637722171BFA600786832 /* Demo */,
				F136377B2171BFA600786832 /* UIDemo */,
				F13637882171BFA600786832 /* NavigationDemo */,
			);
			path = Demo;
			sourceTree = "<group>";
		};
		F13637722171BFA600786832 /* Demo */ = {
			isa = PBXGroup;
			children = (
				F13637732171BFA600786832 /* DemoList */,
			);
			path = Demo;
			sourceTree = "<group>";
		};
		F13637732171BFA600786832 /* DemoList */ = {
			isa = PBXGroup;
			children = (
				F13637742171BFA600786832 /* Controller */,
				F13637762171BFA600786832 /* Model */,
				F13637782171BFA600786832 /* View */,
			);
			path = DemoList;
			sourceTree = "<group>";
		};
		F13637742171BFA600786832 /* Controller */ = {
			isa = PBXGroup;
			children = (
				F13637752171BFA600786832 /* DemoListViewController.swift */,
			);
			path = Controller;
			sourceTree = "<group>";
		};
		F13637762171BFA600786832 /* Model */ = {
			isa = PBXGroup;
			children = (
				F13637772171BFA600786832 /* DemoListModel.swift */,
			);
			path = Model;
			sourceTree = "<group>";
		};
		F13637782171BFA600786832 /* View */ = {
			isa = PBXGroup;
			children = (
				F13637792171BFA600786832 /* DemoListCell.swift */,
				F136377A2171BFA600786832 /* DemoListView.swift */,
			);
			path = View;
			sourceTree = "<group>";
		};
		F136377B2171BFA600786832 /* UIDemo */ = {
			isa = PBXGroup;
			children = (
				F136377C2171BFA600786832 /* UIButton */,
				F136377F2171BFA600786832 /* UITextField */,
				F13637822171BFA600786832 /* UIDemoList */,
			);
			path = UIDemo;
			sourceTree = "<group>";
		};
		F136377C2171BFA600786832 /* UIButton */ = {
			isa = PBXGroup;
			children = (
				F136377D2171BFA600786832 /* Controller */,
			);
			path = UIButton;
			sourceTree = "<group>";
		};
		F136377D2171BFA600786832 /* Controller */ = {
			isa = PBXGroup;
			children = (
				F136377E2171BFA600786832 /* UIButtonViewController.swift */,
			);
			path = Controller;
			sourceTree = "<group>";
		};
		F136377F2171BFA600786832 /* UITextField */ = {
			isa = PBXGroup;
			children = (
				F13637802171BFA600786832 /* Controller */,
			);
			path = UITextField;
			sourceTree = "<group>";
		};
		F13637802171BFA600786832 /* Controller */ = {
			isa = PBXGroup;
			children = (
				F13637812171BFA600786832 /* UITextFieldViewController.swift */,
			);
			path = Controller;
			sourceTree = "<group>";
		};
		F13637822171BFA600786832 /* UIDemoList */ = {
			isa = PBXGroup;
			children = (
				F13637832171BFA600786832 /* Controller */,
				F13637852171BFA600786832 /* Model */,
				F13637872171BFA600786832 /* View */,
			);
			path = UIDemoList;
			sourceTree = "<group>";
		};
		F13637832171BFA600786832 /* Controller */ = {
			isa = PBXGroup;
			children = (
				F13637842171BFA600786832 /* UIDemoListViewController.swift */,
			);
			path = Controller;
			sourceTree = "<group>";
		};
		F13637852171BFA600786832 /* Model */ = {
			isa = PBXGroup;
			children = (
				F13637862171BFA600786832 /* UIDemoModel.plist */,
			);
			path = Model;
			sourceTree = "<group>";
		};
		F13637872171BFA600786832 /* View */ = {
			isa = PBXGroup;
			children = (
			);
			path = View;
			sourceTree = "<group>";
		};
		F13637882171BFA600786832 /* NavigationDemo */ = {
			isa = PBXGroup;
			children = (
				F13637892171BFA600786832 /* NavigationDemoList */,
			);
			path = NavigationDemo;
			sourceTree = "<group>";
		};
		F13637892171BFA600786832 /* NavigationDemoList */ = {
			isa = PBXGroup;
			children = (
				F136378A2171BFA600786832 /* Controller */,
				F136378C2171BFA600786832 /* Model */,
				F136378E2171BFA600786832 /* View */,
			);
			path = NavigationDemoList;
			sourceTree = "<group>";
		};
		F136378A2171BFA600786832 /* Controller */ = {
			isa = PBXGroup;
			children = (
				F136378B2171BFA600786832 /* NavigationDemoListViewController.swift */,
			);
			path = Controller;
			sourceTree = "<group>";
		};
		F136378C2171BFA600786832 /* Model */ = {
			isa = PBXGroup;
			children = (
				F136378D2171BFA600786832 /* NavigationDemoListModel.plist */,
			);
			path = Model;
			sourceTree = "<group>";
		};
		F136378E2171BFA600786832 /* View */ = {
			isa = PBXGroup;
			children = (
			);
			path = View;
			sourceTree = "<group>";
		};
		F136378F2171BFA600786832 /* Main */ = {
			isa = PBXGroup;
			children = (
				F13637902171BFA600786832 /* Controllers */,
				F13637942171BFA600786832 /* Views */,
			);
			path = Main;
			sourceTree = "<group>";
		};
		F13637902171BFA600786832 /* Controllers */ = {
			isa = PBXGroup;
			children = (
				F13637912171BFA600786832 /* EXNavigationController.swift */,
				F13637922171BFA600786832 /* EXBaseViewController.swift */,
				F13637932171BFA600786832 /* EXTabBarController.swift */,
			);
			path = Controllers;
			sourceTree = "<group>";
		};
		F13637942171BFA600786832 /* Views */ = {
			isa = PBXGroup;
			children = (
				F13637952171BFA600786832 /* EXBaseCell.swift */,
				F13637962171BFA600786832 /* EXBaseTableView.swift */,
				F13637972171BFA600786832 /* EXBaseEventProtocol.swift */,
			);
			path = Views;
			sourceTree = "<group>";
		};
/* End PBXGroup section */

/* Begin PBXNativeTarget section */
		2D95AE40215A630300406FDB /* SwpExtensionDemo */ = {
			isa = PBXNativeTarget;
			buildConfigurationList = 2D95AE53215A630400406FDB /* Build configuration list for PBXNativeTarget "SwpExtensionDemo" */;
			buildPhases = (
				1301847FD4E07E66710DF44F /* [CP] Check Pods Manifest.lock */,
				2D95AE3D215A630300406FDB /* Sources */,
				2D95AE3E215A630300406FDB /* Frameworks */,
				2D95AE3F215A630300406FDB /* Resources */,
				10504E481B864FDDD59FB3BB /* [CP] Embed Pods Frameworks */,
			);
			buildRules = (
			);
			dependencies = (
			);
			name = SwpExtensionDemo;
			productName = SwpExtensionDemo;
			productReference = 2D95AE41215A630300406FDB /* SwpExtensionDemo.app */;
			productType = "com.apple.product-type.application";
		};
/* End PBXNativeTarget section */

/* Begin PBXProject section */
		2D95AE39215A630300406FDB /* Project object */ = {
			isa = PBXProject;
			attributes = {
				LastSwiftUpdateCheck = 1000;
				LastUpgradeCheck = 1000;
				ORGANIZATIONNAME = "swp-song";
				TargetAttributes = {
					2D95AE40215A630300406FDB = {
						CreatedOnToolsVersion = 10.0;
					};
				};
			};
			buildConfigurationList = 2D95AE3C215A630300406FDB /* Build configuration list for PBXProject "SwpExtensionDemo" */;
			compatibilityVersion = "Xcode 9.3";
			developmentRegion = en;
			hasScannedForEncodings = 0;
			knownRegions = (
				en,
				Base,
			);
			mainGroup = 2D95AE38215A630300406FDB;
			productRefGroup = 2D95AE42215A630300406FDB /* Products */;
			projectDirPath = "";
			projectRoot = "";
			targets = (
				2D95AE40215A630300406FDB /* SwpExtensionDemo */,
			);
		};
/* End PBXProject section */

/* Begin PBXResourcesBuildPhase section */
		2D95AE3F215A630300406FDB /* Resources */ = {
			isa = PBXResourcesBuildPhase;
			buildActionMask = 2147483647;
			files = (
				2D95AE4F215A630400406FDB /* LaunchScreen.storyboard in Resources */,
				2D95AE4C215A630400406FDB /* Assets.xcassets in Resources */,
				2D95AE4A215A630300406FDB /* Main.storyboard in Resources */,
				F13637A12171BFA600786832 /* NavigationDemoListModel.plist in Resources */,
				F136379F2171BFA600786832 /* UIDemoModel.plist in Resources */,
			);
			runOnlyForDeploymentPostprocessing = 0;
		};
/* End PBXResourcesBuildPhase section */

/* Begin PBXShellScriptBuildPhase section */
		10504E481B864FDDD59FB3BB /* [CP] Embed Pods Frameworks */ = {
			isa = PBXShellScriptBuildPhase;
			buildActionMask = 2147483647;
			files = (
			);
			inputFileListPaths = (
			);
			inputPaths = (
				"${PODS_ROOT}/Target Support Files/Pods-SwpExtensionDemo/Pods-SwpExtensionDemo-frameworks.sh",
				"${BUILT_PRODUCTS_DIR}/SnapKit/SnapKit.framework",
				"${BUILT_PRODUCTS_DIR}/SwpExtension/SwpExtension.framework",
			);
			name = "[CP] Embed Pods Frameworks";
			outputFileListPaths = (
			);
			outputPaths = (
				"${TARGET_BUILD_DIR}/${FRAMEWORKS_FOLDER_PATH}/SnapKit.framework",
				"${TARGET_BUILD_DIR}/${FRAMEWORKS_FOLDER_PATH}/SwpExtension.framework",
			);
			runOnlyForDeploymentPostprocessing = 0;
			shellPath = /bin/sh;
			shellScript = "\"${PODS_ROOT}/Target Support Files/Pods-SwpExtensionDemo/Pods-SwpExtensionDemo-frameworks.sh\"\n";
			showEnvVarsInLog = 0;
		};
		1301847FD4E07E66710DF44F /* [CP] Check Pods Manifest.lock */ = {
			isa = PBXShellScriptBuildPhase;
			buildActionMask = 2147483647;
			files = (
			);
			inputFileListPaths = (
			);
			inputPaths = (
				"${PODS_PODFILE_DIR_PATH}/Podfile.lock",
				"${PODS_ROOT}/Manifest.lock",
			);
			name = "[CP] Check Pods Manifest.lock";
			outputFileListPaths = (
			);
			outputPaths = (
				"$(DERIVED_FILE_DIR)/Pods-SwpExtensionDemo-checkManifestLockResult.txt",
			);
			runOnlyForDeploymentPostprocessing = 0;
			shellPath = /bin/sh;
			shellScript = "diff \"${PODS_PODFILE_DIR_PATH}/Podfile.lock\" \"${PODS_ROOT}/Manifest.lock\" > /dev/null\nif [ $? != 0 ] ; then\n    # print error to STDERR\n    echo \"error: The sandbox is not in sync with the Podfile.lock. Run 'pod install' or update your CocoaPods installation.\" >&2\n    exit 1\nfi\n# This output is used by Xcode 'outputs' to avoid re-running this script phase.\necho \"SUCCESS\" > \"${SCRIPT_OUTPUT_FILE_0}\"\n";
			showEnvVarsInLog = 0;
		};
/* End PBXShellScriptBuildPhase section */

/* Begin PBXSourcesBuildPhase section */
		2D95AE3D215A630300406FDB /* Sources */ = {
			isa = PBXSourcesBuildPhase;
			buildActionMask = 2147483647;
			files = (
				F136379D2171BFA600786832 /* UITextFieldViewController.swift in Sources */,
				F13637A62171BFA600786832 /* EXBaseTableView.swift in Sources */,
				F13637A02171BFA600786832 /* NavigationDemoListViewController.swift in Sources */,
				F13637992171BFA600786832 /* DemoListModel.swift in Sources */,
				F13637A32171BFA600786832 /* EXBaseViewController.swift in Sources */,
				F136379B2171BFA600786832 /* DemoListView.swift in Sources */,
				2D95AE45215A630300406FDB /* AppDelegate.swift in Sources */,
				F13637A52171BFA600786832 /* EXBaseCell.swift in Sources */,
				F136379A2171BFA600786832 /* DemoListCell.swift in Sources */,
				F136379C2171BFA600786832 /* UIButtonViewController.swift in Sources */,
				F13637A42171BFA600786832 /* EXTabBarController.swift in Sources */,
				F13637982171BFA600786832 /* DemoListViewController.swift in Sources */,
				F13637A72171BFA600786832 /* EXBaseEventProtocol.swift in Sources */,
				F13637A22171BFA600786832 /* EXNavigationController.swift in Sources */,
				F136379E2171BFA600786832 /* UIDemoListViewController.swift in Sources */,
			);
			runOnlyForDeploymentPostprocessing = 0;
		};
/* End PBXSourcesBuildPhase section */

/* Begin PBXVariantGroup section */
		2D95AE48215A630300406FDB /* Main.storyboard */ = {
			isa = PBXVariantGroup;
			children = (
				2D95AE49215A630300406FDB /* Base */,
			);
			name = Main.storyboard;
			sourceTree = "<group>";
		};
		2D95AE4D215A630400406FDB /* LaunchScreen.storyboard */ = {
			isa = PBXVariantGroup;
			children = (
				2D95AE4E215A630400406FDB /* Base */,
			);
			name = LaunchScreen.storyboard;
			sourceTree = "<group>";
		};
/* End PBXVariantGroup section */

/* Begin XCBuildConfiguration section */
		2D95AE51215A630400406FDB /* Debug */ = {
			isa = XCBuildConfiguration;
			buildSettings = {
				ALWAYS_SEARCH_USER_PATHS = NO;
				CLANG_ANALYZER_NONNULL = YES;
				CLANG_ANALYZER_NUMBER_OBJECT_CONVERSION = YES_AGGRESSIVE;
				CLANG_CXX_LANGUAGE_STANDARD = "gnu++14";
				CLANG_CXX_LIBRARY = "libc++";
				CLANG_ENABLE_MODULES = YES;
				CLANG_ENABLE_OBJC_ARC = YES;
				CLANG_ENABLE_OBJC_WEAK = YES;
				CLANG_WARN_BLOCK_CAPTURE_AUTORELEASING = YES;
				CLANG_WARN_BOOL_CONVERSION = YES;
				CLANG_WARN_COMMA = YES;
				CLANG_WARN_CONSTANT_CONVERSION = YES;
				CLANG_WARN_DEPRECATED_OBJC_IMPLEMENTATIONS = YES;
				CLANG_WARN_DIRECT_OBJC_ISA_USAGE = YES_ERROR;
				CLANG_WARN_DOCUMENTATION_COMMENTS = YES;
				CLANG_WARN_EMPTY_BODY = YES;
				CLANG_WARN_ENUM_CONVERSION = YES;
				CLANG_WARN_INFINITE_RECURSION = YES;
				CLANG_WARN_INT_CONVERSION = YES;
				CLANG_WARN_NON_LITERAL_NULL_CONVERSION = YES;
				CLANG_WARN_OBJC_IMPLICIT_RETAIN_SELF = YES;
				CLANG_WARN_OBJC_LITERAL_CONVERSION = YES;
				CLANG_WARN_OBJC_ROOT_CLASS = YES_ERROR;
				CLANG_WARN_RANGE_LOOP_ANALYSIS = YES;
				CLANG_WARN_STRICT_PROTOTYPES = YES;
				CLANG_WARN_SUSPICIOUS_MOVE = YES;
				CLANG_WARN_UNGUARDED_AVAILABILITY = YES_AGGRESSIVE;
				CLANG_WARN_UNREACHABLE_CODE = YES;
				CLANG_WARN__DUPLICATE_METHOD_MATCH = YES;
				CODE_SIGN_IDENTITY = "iPhone Developer";
				COPY_PHASE_STRIP = NO;
				DEBUG_INFORMATION_FORMAT = dwarf;
				ENABLE_STRICT_OBJC_MSGSEND = YES;
				ENABLE_TESTABILITY = YES;
				GCC_C_LANGUAGE_STANDARD = gnu11;
				GCC_DYNAMIC_NO_PIC = NO;
				GCC_NO_COMMON_BLOCKS = YES;
				GCC_OPTIMIZATION_LEVEL = 0;
				GCC_PREPROCESSOR_DEFINITIONS = (
					"DEBUG=1",
					"$(inherited)",
				);
				GCC_WARN_64_TO_32_BIT_CONVERSION = YES;
				GCC_WARN_ABOUT_RETURN_TYPE = YES_ERROR;
				GCC_WARN_UNDECLARED_SELECTOR = YES;
				GCC_WARN_UNINITIALIZED_AUTOS = YES_AGGRESSIVE;
				GCC_WARN_UNUSED_FUNCTION = YES;
				GCC_WARN_UNUSED_VARIABLE = YES;
				IPHONEOS_DEPLOYMENT_TARGET = 12.0;
				MTL_ENABLE_DEBUG_INFO = INCLUDE_SOURCE;
				MTL_FAST_MATH = YES;
				ONLY_ACTIVE_ARCH = YES;
				SDKROOT = iphoneos;
				SWIFT_ACTIVE_COMPILATION_CONDITIONS = DEBUG;
				SWIFT_OPTIMIZATION_LEVEL = "-Onone";
			};
			name = Debug;
		};
		2D95AE52215A630400406FDB /* Release */ = {
			isa = XCBuildConfiguration;
			buildSettings = {
				ALWAYS_SEARCH_USER_PATHS = NO;
				CLANG_ANALYZER_NONNULL = YES;
				CLANG_ANALYZER_NUMBER_OBJECT_CONVERSION = YES_AGGRESSIVE;
				CLANG_CXX_LANGUAGE_STANDARD = "gnu++14";
				CLANG_CXX_LIBRARY = "libc++";
				CLANG_ENABLE_MODULES = YES;
				CLANG_ENABLE_OBJC_ARC = YES;
				CLANG_ENABLE_OBJC_WEAK = YES;
				CLANG_WARN_BLOCK_CAPTURE_AUTORELEASING = YES;
				CLANG_WARN_BOOL_CONVERSION = YES;
				CLANG_WARN_COMMA = YES;
				CLANG_WARN_CONSTANT_CONVERSION = YES;
				CLANG_WARN_DEPRECATED_OBJC_IMPLEMENTATIONS = YES;
				CLANG_WARN_DIRECT_OBJC_ISA_USAGE = YES_ERROR;
				CLANG_WARN_DOCUMENTATION_COMMENTS = YES;
				CLANG_WARN_EMPTY_BODY = YES;
				CLANG_WARN_ENUM_CONVERSION = YES;
				CLANG_WARN_INFINITE_RECURSION = YES;
				CLANG_WARN_INT_CONVERSION = YES;
				CLANG_WARN_NON_LITERAL_NULL_CONVERSION = YES;
				CLANG_WARN_OBJC_IMPLICIT_RETAIN_SELF = YES;
				CLANG_WARN_OBJC_LITERAL_CONVERSION = YES;
				CLANG_WARN_OBJC_ROOT_CLASS = YES_ERROR;
				CLANG_WARN_RANGE_LOOP_ANALYSIS = YES;
				CLANG_WARN_STRICT_PROTOTYPES = YES;
				CLANG_WARN_SUSPICIOUS_MOVE = YES;
				CLANG_WARN_UNGUARDED_AVAILABILITY = YES_AGGRESSIVE;
				CLANG_WARN_UNREACHABLE_CODE = YES;
				CLANG_WARN__DUPLICATE_METHOD_MATCH = YES;
				CODE_SIGN_IDENTITY = "iPhone Developer";
				COPY_PHASE_STRIP = NO;
				DEBUG_INFORMATION_FORMAT = "dwarf-with-dsym";
				ENABLE_NS_ASSERTIONS = NO;
				ENABLE_STRICT_OBJC_MSGSEND = YES;
				GCC_C_LANGUAGE_STANDARD = gnu11;
				GCC_NO_COMMON_BLOCKS = YES;
				GCC_WARN_64_TO_32_BIT_CONVERSION = YES;
				GCC_WARN_ABOUT_RETURN_TYPE = YES_ERROR;
				GCC_WARN_UNDECLARED_SELECTOR = YES;
				GCC_WARN_UNINITIALIZED_AUTOS = YES_AGGRESSIVE;
				GCC_WARN_UNUSED_FUNCTION = YES;
				GCC_WARN_UNUSED_VARIABLE = YES;
				IPHONEOS_DEPLOYMENT_TARGET = 12.0;
				MTL_ENABLE_DEBUG_INFO = NO;
				MTL_FAST_MATH = YES;
				SDKROOT = iphoneos;
				SWIFT_COMPILATION_MODE = wholemodule;
				SWIFT_OPTIMIZATION_LEVEL = "-O";
				VALIDATE_PRODUCT = YES;
			};
			name = Release;
		};
		2D95AE54215A630400406FDB /* Debug */ = {
			isa = XCBuildConfiguration;
			baseConfigurationReference = 9E0B5E110A848D4DB7D9683E /* Pods-SwpExtensionDemo.debug.xcconfig */;
			buildSettings = {
				ASSETCATALOG_COMPILER_APPICON_NAME = AppIcon;
				CODE_SIGN_STYLE = Automatic;
				DEVELOPMENT_TEAM = "";
				INFOPLIST_FILE = SwpExtensionDemo/Info.plist;
				LD_RUNPATH_SEARCH_PATHS = (
					"$(inherited)",
					"@executable_path/Frameworks",
				);
				PRODUCT_BUNDLE_IDENTIFIER = "com.swp-song.";
				PRODUCT_NAME = "$(TARGET_NAME)";
				SWIFT_VERSION = 4.2;
				TARGETED_DEVICE_FAMILY = "1,2";
			};
			name = Debug;
		};
		2D95AE55215A630400406FDB /* Release */ = {
			isa = XCBuildConfiguration;
			baseConfigurationReference = 9206BD3091E0461378703813 /* Pods-SwpExtensionDemo.release.xcconfig */;
			buildSettings = {
				ASSETCATALOG_COMPILER_APPICON_NAME = AppIcon;
				CODE_SIGN_STYLE = Automatic;
				DEVELOPMENT_TEAM = "";
				INFOPLIST_FILE = SwpExtensionDemo/Info.plist;
				LD_RUNPATH_SEARCH_PATHS = (
					"$(inherited)",
					"@executable_path/Frameworks",
				);
				PRODUCT_BUNDLE_IDENTIFIER = "com.swp-song.";
				PRODUCT_NAME = "$(TARGET_NAME)";
				SWIFT_VERSION = 4.2;
				TARGETED_DEVICE_FAMILY = "1,2";
			};
			name = Release;
		};
/* End XCBuildConfiguration section */

/* Begin XCConfigurationList section */
		2D95AE3C215A630300406FDB /* Build configuration list for PBXProject "SwpExtensionDemo" */ = {
			isa = XCConfigurationList;
			buildConfigurations = (
				2D95AE51215A630400406FDB /* Debug */,
				2D95AE52215A630400406FDB /* Release */,
			);
			defaultConfigurationIsVisible = 0;
			defaultConfigurationName = Release;
		};
		2D95AE53215A630400406FDB /* Build configuration list for PBXNativeTarget "SwpExtensionDemo" */ = {
			isa = XCConfigurationList;
			buildConfigurations = (
				2D95AE54215A630400406FDB /* Debug */,
				2D95AE55215A630400406FDB /* Release */,
			);
			defaultConfigurationIsVisible = 0;
			defaultConfigurationName = Release;
		};
/* End XCConfigurationList section */
	};
	rootObject = 2D95AE39215A630300406FDB /* Project object */;
}
