// !$*UTF8*$!
{
	archiveVersion = 1;
	classes = {
	};
	objectVersion = 50;
	objects = {

/* Begin PBXBuildFile section */
		2D6E676021737D1900D6ABAE /* UIButtonViewController.swift in Sources */ = {isa = PBXBuildFile; fileRef = 2D6E673D21737D1800D6ABAE /* UIButtonViewController.swift */; };
		2D6E676121737D1900D6ABAE /* UITextFieldViewController.swift in Sources */ = {isa = PBXBuildFile; fileRef = 2D6E674021737D1800D6ABAE /* UITextFieldViewController.swift */; };
		2D6E676221737D1900D6ABAE /* UIDemoListViewController.swift in Sources */ = {isa = PBXBuildFile; fileRef = 2D6E674321737D1800D6ABAE /* UIDemoListViewController.swift */; };
		2D6E676321737D1900D6ABAE /* UIDemoModel.plist in Resources */ = {isa = PBXBuildFile; fileRef = 2D6E674521737D1800D6ABAE /* UIDemoModel.plist */; };
		2D6E676421737D1900D6ABAE /* NavigationDemoListViewController.swift in Sources */ = {isa = PBXBuildFile; fileRef = 2D6E674921737D1800D6ABAE /* NavigationDemoListViewController.swift */; };
		2D6E676521737D1900D6ABAE /* NavigationDemoListModel.plist in Resources */ = {isa = PBXBuildFile; fileRef = 2D6E674B21737D1800D6ABAE /* NavigationDemoListModel.plist */; };
		2D6E676621737D1900D6ABAE /* UINavigation1ViewController.swift in Sources */ = {isa = PBXBuildFile; fileRef = 2D6E674D21737D1800D6ABAE /* UINavigation1ViewController.swift */; };
		2D6E676721737D1900D6ABAE /* UINavigation2ViewController.swift in Sources */ = {isa = PBXBuildFile; fileRef = 2D6E674F21737D1800D6ABAE /* UINavigation2ViewController.swift */; };
		2D6E676821737D1900D6ABAE /* UINavigation3ViewController.swift in Sources */ = {isa = PBXBuildFile; fileRef = 2D6E675121737D1900D6ABAE /* UINavigation3ViewController.swift */; };
		2D6E676921737D1900D6ABAE /* EXNavigationController.swift in Sources */ = {isa = PBXBuildFile; fileRef = 2D6E675521737D1900D6ABAE /* EXNavigationController.swift */; };
		2D6E676A21737D1900D6ABAE /* EXBaseViewController.swift in Sources */ = {isa = PBXBuildFile; fileRef = 2D6E675621737D1900D6ABAE /* EXBaseViewController.swift */; };
		2D6E676B21737D1900D6ABAE /* EXTabBarController.swift in Sources */ = {isa = PBXBuildFile; fileRef = 2D6E675721737D1900D6ABAE /* EXTabBarController.swift */; };
		2D6E676C21737D1900D6ABAE /* EXBaseCell.swift in Sources */ = {isa = PBXBuildFile; fileRef = 2D6E675921737D1900D6ABAE /* EXBaseCell.swift */; };
		2D6E676D21737D1900D6ABAE /* EXBaseTableView.swift in Sources */ = {isa = PBXBuildFile; fileRef = 2D6E675A21737D1900D6ABAE /* EXBaseTableView.swift */; };
		2D6E676E21737D1900D6ABAE /* EXBaseEventProtocol.swift in Sources */ = {isa = PBXBuildFile; fileRef = 2D6E675B21737D1900D6ABAE /* EXBaseEventProtocol.swift */; };
		2D6E677621737D4900D6ABAE /* DemoListModel.swift in Sources */ = {isa = PBXBuildFile; fileRef = 2D6E677021737D4900D6ABAE /* DemoListModel.swift */; };
		2D6E677721737D4900D6ABAE /* DemoViewController.swift in Sources */ = {isa = PBXBuildFile; fileRef = 2D6E677221737D4900D6ABAE /* DemoViewController.swift */; };
		2D6E677821737D4900D6ABAE /* DemoCell.swift in Sources */ = {isa = PBXBuildFile; fileRef = 2D6E677421737D4900D6ABAE /* DemoCell.swift */; };
		2D6E677921737D4900D6ABAE /* DemoTableView.swift in Sources */ = {isa = PBXBuildFile; fileRef = 2D6E677521737D4900D6ABAE /* DemoTableView.swift */; };
		2D95AE45215A630300406FDB /* AppDelegate.swift in Sources */ = {isa = PBXBuildFile; fileRef = 2D95AE44215A630300406FDB /* AppDelegate.swift */; };
		2D95AE4A215A630300406FDB /* Main.storyboard in Resources */ = {isa = PBXBuildFile; fileRef = 2D95AE48215A630300406FDB /* Main.storyboard */; };
		2D95AE4C215A630400406FDB /* Assets.xcassets in Resources */ = {isa = PBXBuildFile; fileRef = 2D95AE4B215A630400406FDB /* Assets.xcassets */; };
		2D95AE4F215A630400406FDB /* LaunchScreen.storyboard in Resources */ = {isa = PBXBuildFile; fileRef = 2D95AE4D215A630400406FDB /* LaunchScreen.storyboard */; };
		5154E315F1A36F52CF95455A /* Pods_SwpExtensionDemo.framework in Frameworks */ = {isa = PBXBuildFile; fileRef = 07A75FF0977F10FFB3EF9F8B /* Pods_SwpExtensionDemo.framework */; };
/* End PBXBuildFile section */

/* Begin PBXFileReference section */
		07A75FF0977F10FFB3EF9F8B /* Pods_SwpExtensionDemo.framework */ = {isa = PBXFileReference; explicitFileType = wrapper.framework; includeInIndex = 0; path = Pods_SwpExtensionDemo.framework; sourceTree = BUILT_PRODUCTS_DIR; };
		2D6E673D21737D1800D6ABAE /* UIButtonViewController.swift */ = {isa = PBXFileReference; fileEncoding = 4; lastKnownFileType = sourcecode.swift; path = UIButtonViewController.swift; sourceTree = "<group>"; };
		2D6E674021737D1800D6ABAE /* UITextFieldViewController.swift */ = {isa = PBXFileReference; fileEncoding = 4; lastKnownFileType = sourcecode.swift; path = UITextFieldViewController.swift; sourceTree = "<group>"; };
		2D6E674321737D1800D6ABAE /* UIDemoListViewController.swift */ = {isa = PBXFileReference; fileEncoding = 4; lastKnownFileType = sourcecode.swift; path = UIDemoListViewController.swift; sourceTree = "<group>"; };
		2D6E674521737D1800D6ABAE /* UIDemoModel.plist */ = {isa = PBXFileReference; fileEncoding = 4; lastKnownFileType = text.plist.xml; path = UIDemoModel.plist; sourceTree = "<group>"; };
		2D6E674921737D1800D6ABAE /* NavigationDemoListViewController.swift */ = {isa = PBXFileReference; fileEncoding = 4; lastKnownFileType = sourcecode.swift; path = NavigationDemoListViewController.swift; sourceTree = "<group>"; };
		2D6E674B21737D1800D6ABAE /* NavigationDemoListModel.plist */ = {isa = PBXFileReference; fileEncoding = 4; lastKnownFileType = text.plist.xml; path = NavigationDemoListModel.plist; sourceTree = "<group>"; };
		2D6E674D21737D1800D6ABAE /* UINavigation1ViewController.swift */ = {isa = PBXFileReference; fileEncoding = 4; lastKnownFileType = sourcecode.swift; path = UINavigation1ViewController.swift; sourceTree = "<group>"; };
		2D6E674F21737D1800D6ABAE /* UINavigation2ViewController.swift */ = {isa = PBXFileReference; fileEncoding = 4; lastKnownFileType = sourcecode.swift; path = UINavigation2ViewController.swift; sourceTree = "<group>"; };
		2D6E675121737D1900D6ABAE /* UINavigation3ViewController.swift */ = {isa = PBXFileReference; fileEncoding = 4; lastKnownFileType = sourcecode.swift; path = UINavigation3ViewController.swift; sourceTree = "<group>"; };
		2D6E675521737D1900D6ABAE /* EXNavigationController.swift */ = {isa = PBXFileReference; fileEncoding = 4; lastKnownFileType = sourcecode.swift; path = EXNavigationController.swift; sourceTree = "<group>"; };
		2D6E675621737D1900D6ABAE /* EXBaseViewController.swift */ = {isa = PBXFileReference; fileEncoding = 4; lastKnownFileType = sourcecode.swift; path = EXBaseViewController.swift; sourceTree = "<group>"; };
		2D6E675721737D1900D6ABAE /* EXTabBarController.swift */ = {isa = PBXFileReference; fileEncoding = 4; lastKnownFileType = sourcecode.swift; path = EXTabBarController.swift; sourceTree = "<group>"; };
		2D6E675921737D1900D6ABAE /* EXBaseCell.swift */ = {isa = PBXFileReference; fileEncoding = 4; lastKnownFileType = sourcecode.swift; path = EXBaseCell.swift; sourceTree = "<group>"; };
		2D6E675A21737D1900D6ABAE /* EXBaseTableView.swift */ = {isa = PBXFileReference; fileEncoding = 4; lastKnownFileType = sourcecode.swift; path = EXBaseTableView.swift; sourceTree = "<group>"; };
		2D6E675B21737D1900D6ABAE /* EXBaseEventProtocol.swift */ = {isa = PBXFileReference; fileEncoding = 4; lastKnownFileType = sourcecode.swift; path = EXBaseEventProtocol.swift; sourceTree = "<group>"; };
		2D6E677021737D4900D6ABAE /* DemoListModel.swift */ = {isa = PBXFileReference; fileEncoding = 4; lastKnownFileType = sourcecode.swift; path = DemoListModel.swift; sourceTree = "<group>"; };
		2D6E677221737D4900D6ABAE /* DemoViewController.swift */ = {isa = PBXFileReference; fileEncoding = 4; lastKnownFileType = sourcecode.swift; path = DemoViewController.swift; sourceTree = "<group>"; };
		2D6E677421737D4900D6ABAE /* DemoCell.swift */ = {isa = PBXFileReference; fileEncoding = 4; lastKnownFileType = sourcecode.swift; path = DemoCell.swift; sourceTree = "<group>"; };
		2D6E677521737D4900D6ABAE /* DemoTableView.swift */ = {isa = PBXFileReference; fileEncoding = 4; lastKnownFileType = sourcecode.swift; path = DemoTableView.swift; sourceTree = "<group>"; };
		2D95AE41215A630300406FDB /* SwpExtensionDemo.app */ = {isa = PBXFileReference; explicitFileType = wrapper.application; includeInIndex = 0; path = SwpExtensionDemo.app; sourceTree = BUILT_PRODUCTS_DIR; };
		2D95AE44215A630300406FDB /* AppDelegate.swift */ = {isa = PBXFileReference; lastKnownFileType = sourcecode.swift; path = AppDelegate.swift; sourceTree = "<group>"; };
		2D95AE49215A630300406FDB /* Base */ = {isa = PBXFileReference; lastKnownFileType = file.storyboard; name = Base; path = Base.lproj/Main.storyboard; sourceTree = "<group>"; };
		2D95AE4B215A630400406FDB /* Assets.xcassets */ = {isa = PBXFileReference; lastKnownFileType = folder.assetcatalog; path = Assets.xcassets; sourceTree = "<group>"; };
		2D95AE4E215A630400406FDB /* Base */ = {isa = PBXFileReference; lastKnownFileType = file.storyboard; name = Base; path = Base.lproj/LaunchScreen.storyboard; sourceTree = "<group>"; };
		2D95AE50215A630400406FDB /* Info.plist */ = {isa = PBXFileReference; lastKnownFileType = text.plist.xml; path = Info.plist; sourceTree = "<group>"; };
		9206BD3091E0461378703813 /* Pods-SwpExtensionDemo.release.xcconfig */ = {isa = PBXFileReference; includeInIndex = 1; lastKnownFileType = text.xcconfig; name = "Pods-SwpExtensionDemo.release.xcconfig"; path = "Target Support Files/Pods-SwpExtensionDemo/Pods-SwpExtensionDemo.release.xcconfig"; sourceTree = "<group>"; };
		9E0B5E110A848D4DB7D9683E /* Pods-SwpExtensionDemo.debug.xcconfig */ = {isa = PBXFileReference; includeInIndex = 1; lastKnownFileType = text.xcconfig; name = "Pods-SwpExtensionDemo.debug.xcconfig"; path = "Target Support Files/Pods-SwpExtensionDemo/Pods-SwpExtensionDemo.debug.xcconfig"; sourceTree = "<group>"; };
/* End PBXFileReference section */

/* Begin PBXFrameworksBuildPhase section */
		2D95AE3E215A630300406FDB /* Frameworks */ = {
			isa = PBXFrameworksBuildPhase;
			buildActionMask = 2147483647;
			files = (
				5154E315F1A36F52CF95455A /* Pods_SwpExtensionDemo.framework in Frameworks */,
			);
			runOnlyForDeploymentPostprocessing = 0;
		};
/* End PBXFrameworksBuildPhase section */

/* Begin PBXGroup section */
		2D6E673021737D1800D6ABAE /* Demo */ = {
			isa = PBXGroup;
			children = (
				2D6E673121737D1800D6ABAE /* Demo */,
				2D6E673A21737D1800D6ABAE /* UIDemo */,
				2D6E674621737D1800D6ABAE /* UINavigationDemo */,
			);
			path = Demo;
			sourceTree = "<group>";
		};
		2D6E673121737D1800D6ABAE /* Demo */ = {
			isa = PBXGroup;
			children = (
				2D6E677121737D4900D6ABAE /* Controller */,
				2D6E676F21737D4900D6ABAE /* Model */,
				2D6E677321737D4900D6ABAE /* View */,
			);
			path = Demo;
			sourceTree = "<group>";
		};
		2D6E673A21737D1800D6ABAE /* UIDemo */ = {
			isa = PBXGroup;
			children = (
				2D6E673B21737D1800D6ABAE /* UIButton */,
				2D6E673E21737D1800D6ABAE /* UITextField */,
				2D6E674121737D1800D6ABAE /* UIDemoList */,
			);
			path = UIDemo;
			sourceTree = "<group>";
		};
		2D6E673B21737D1800D6ABAE /* UIButton */ = {
			isa = PBXGroup;
			children = (
				2D6E673C21737D1800D6ABAE /* Controller */,
			);
			path = UIButton;
			sourceTree = "<group>";
		};
		2D6E673C21737D1800D6ABAE /* Controller */ = {
			isa = PBXGroup;
			children = (
				2D6E673D21737D1800D6ABAE /* UIButtonViewController.swift */,
			);
			path = Controller;
			sourceTree = "<group>";
		};
		2D6E673E21737D1800D6ABAE /* UITextField */ = {
			isa = PBXGroup;
			children = (
				2D6E673F21737D1800D6ABAE /* Controller */,
			);
			path = UITextField;
			sourceTree = "<group>";
		};
		2D6E673F21737D1800D6ABAE /* Controller */ = {
			isa = PBXGroup;
			children = (
				2D6E674021737D1800D6ABAE /* UITextFieldViewController.swift */,
			);
			path = Controller;
			sourceTree = "<group>";
		};
		2D6E674121737D1800D6ABAE /* UIDemoList */ = {
			isa = PBXGroup;
			children = (
				2D6E674221737D1800D6ABAE /* Controller */,
				2D6E674421737D1800D6ABAE /* Model */,
			);
			path = UIDemoList;
			sourceTree = "<group>";
		};
		2D6E674221737D1800D6ABAE /* Controller */ = {
			isa = PBXGroup;
			children = (
				2D6E674321737D1800D6ABAE /* UIDemoListViewController.swift */,
			);
			path = Controller;
			sourceTree = "<group>";
		};
		2D6E674421737D1800D6ABAE /* Model */ = {
			isa = PBXGroup;
			children = (
				2D6E674521737D1800D6ABAE /* UIDemoModel.plist */,
			);
			path = Model;
			sourceTree = "<group>";
		};
		2D6E674621737D1800D6ABAE /* UINavigationDemo */ = {
			isa = PBXGroup;
			children = (
				2D6E674721737D1800D6ABAE /* UINavigationDemoList */,
				2D6E674C21737D1800D6ABAE /* UINavigation1 */,
				2D6E674E21737D1800D6ABAE /* UINavigation2 */,
				2D6E675021737D1800D6ABAE /* UINavigation3 */,
			);
			path = UINavigationDemo;
			sourceTree = "<group>";
		};
		2D6E674721737D1800D6ABAE /* UINavigationDemoList */ = {
			isa = PBXGroup;
			children = (
				2D6E674821737D1800D6ABAE /* Controller */,
				2D6E674A21737D1800D6ABAE /* Model */,
			);
			path = UINavigationDemoList;
			sourceTree = "<group>";
		};
		2D6E674821737D1800D6ABAE /* Controller */ = {
			isa = PBXGroup;
			children = (
				2D6E674921737D1800D6ABAE /* NavigationDemoListViewController.swift */,
			);
			path = Controller;
			sourceTree = "<group>";
		};
		2D6E674A21737D1800D6ABAE /* Model */ = {
			isa = PBXGroup;
			children = (
				2D6E674B21737D1800D6ABAE /* NavigationDemoListModel.plist */,
			);
			path = Model;
			sourceTree = "<group>";
		};
		2D6E674C21737D1800D6ABAE /* UINavigation1 */ = {
			isa = PBXGroup;
			children = (
				2D6E674D21737D1800D6ABAE /* UINavigation1ViewController.swift */,
			);
			path = UINavigation1;
			sourceTree = "<group>";
		};
		2D6E674E21737D1800D6ABAE /* UINavigation2 */ = {
			isa = PBXGroup;
			children = (
				2D6E674F21737D1800D6ABAE /* UINavigation2ViewController.swift */,
			);
			path = UINavigation2;
			sourceTree = "<group>";
		};
		2D6E675021737D1800D6ABAE /* UINavigation3 */ = {
			isa = PBXGroup;
			children = (
				2D6E675121737D1900D6ABAE /* UINavigation3ViewController.swift */,
			);
			path = UINavigation3;
			sourceTree = "<group>";
		};
		2D6E675221737D1900D6ABAE /* Main */ = {
			isa = PBXGroup;
			children = (
				2D6E675321737D1900D6ABAE /* Models */,
				2D6E675421737D1900D6ABAE /* Controllers */,
				2D6E675821737D1900D6ABAE /* Views */,
			);
			path = Main;
			sourceTree = "<group>";
		};
		2D6E675321737D1900D6ABAE /* Models */ = {
			isa = PBXGroup;
			children = (
			);
			path = Models;
			sourceTree = "<group>";
		};
		2D6E675421737D1900D6ABAE /* Controllers */ = {
			isa = PBXGroup;
			children = (
				2D6E675521737D1900D6ABAE /* EXNavigationController.swift */,
				2D6E675621737D1900D6ABAE /* EXBaseViewController.swift */,
				2D6E675721737D1900D6ABAE /* EXTabBarController.swift */,
			);
			path = Controllers;
			sourceTree = "<group>";
		};
		2D6E675821737D1900D6ABAE /* Views */ = {
			isa = PBXGroup;
			children = (
				2D6E675921737D1900D6ABAE /* EXBaseCell.swift */,
				2D6E675A21737D1900D6ABAE /* EXBaseTableView.swift */,
				2D6E675B21737D1900D6ABAE /* EXBaseEventProtocol.swift */,
			);
			path = Views;
			sourceTree = "<group>";
		};
		2D6E676F21737D4900D6ABAE /* Model */ = {
			isa = PBXGroup;
			children = (
				2D6E677021737D4900D6ABAE /* DemoListModel.swift */,
			);
			path = Model;
			sourceTree = "<group>";
		};
		2D6E677121737D4900D6ABAE /* Controller */ = {
			isa = PBXGroup;
			children = (
				2D6E677221737D4900D6ABAE /* DemoViewController.swift */,
			);
			path = Controller;
			sourceTree = "<group>";
		};
		2D6E677321737D4900D6ABAE /* View */ = {
			isa = PBXGroup;
			children = (
				2D6E677421737D4900D6ABAE /* DemoCell.swift */,
				2D6E677521737D4900D6ABAE /* DemoTableView.swift */,
			);
			path = View;
			sourceTree = "<group>";
		};
		2D95AE38215A630300406FDB = {
			isa = PBXGroup;
			children = (
				2D95AE43215A630300406FDB /* SwpExtensionDemo */,
				2D95AE42215A630300406FDB /* Products */,
				76562A8F60F542DDE5007923 /* Pods */,
				301CC1503A251010C07F0D84 /* Frameworks */,
			);
			sourceTree = "<group>";
		};
		2D95AE42215A630300406FDB /* Products */ = {
			isa = PBXGroup;
			children = (
				2D95AE41215A630300406FDB /* SwpExtensionDemo.app */,
			);
			name = Products;
			sourceTree = "<group>";
		};
		2D95AE43215A630300406FDB /* SwpExtensionDemo */ = {
			isa = PBXGroup;
			children = (
				F13637702171BFA600786832 /* Code */,
				2D95AE44215A630300406FDB /* AppDelegate.swift */,
				2D95AE48215A630300406FDB /* Main.storyboard */,
				2D95AE4B215A630400406FDB /* Assets.xcassets */,
				2D95AE4D215A630400406FDB /* LaunchScreen.storyboard */,
				2D95AE50215A630400406FDB /* Info.plist */,
			);
			path = SwpExtensionDemo;
			sourceTree = "<group>";
		};
		301CC1503A251010C07F0D84 /* Frameworks */ = {
			isa = PBXGroup;
			children = (
				07A75FF0977F10FFB3EF9F8B /* Pods_SwpExtensionDemo.framework */,
			);
			name = Frameworks;
			sourceTree = "<group>";
		};
		76562A8F60F542DDE5007923 /* Pods */ = {
			isa = PBXGroup;
			children = (
				9E0B5E110A848D4DB7D9683E /* Pods-SwpExtensionDemo.debug.xcconfig */,
				9206BD3091E0461378703813 /* Pods-SwpExtensionDemo.release.xcconfig */,
			);
			path = Pods;
			sourceTree = "<group>";
		};
		F13637702171BFA600786832 /* Code */ = {
			isa = PBXGroup;
			children = (
				2D6E673021737D1800D6ABAE /* Demo */,
				2D6E675221737D1900D6ABAE /* Main */,
			);
			path = Code;
			sourceTree = "<group>";
		};
/* End PBXGroup section */

/* Begin PBXNativeTarget section */
		2D95AE40215A630300406FDB /* SwpExtensionDemo */ = {
			isa = PBXNativeTarget;
			buildConfigurationList = 2D95AE53215A630400406FDB /* Build configuration list for PBXNativeTarget "SwpExtensionDemo" */;
			buildPhases = (
				1301847FD4E07E66710DF44F /* [CP] Check Pods Manifest.lock */,
				2D95AE3D215A630300406FDB /* Sources */,
				2D95AE3E215A630300406FDB /* Frameworks */,
				2D95AE3F215A630300406FDB /* Resources */,
				10504E481B864FDDD59FB3BB /* [CP] Embed Pods Frameworks */,
			);
			buildRules = (
			);
			dependencies = (
			);
			name = SwpExtensionDemo;
			productName = SwpExtensionDemo;
			productReference = 2D95AE41215A630300406FDB /* SwpExtensionDemo.app */;
			productType = "com.apple.product-type.application";
		};
/* End PBXNativeTarget section */

/* Begin PBXProject section */
		2D95AE39215A630300406FDB /* Project object */ = {
			isa = PBXProject;
			attributes = {
				LastSwiftUpdateCheck = 1000;
				LastUpgradeCheck = 1000;
				ORGANIZATIONNAME = "swp-song";
				TargetAttributes = {
					2D95AE40215A630300406FDB = {
						CreatedOnToolsVersion = 10.0;
					};
				};
			};
			buildConfigurationList = 2D95AE3C215A630300406FDB /* Build configuration list for PBXProject "SwpExtensionDemo" */;
			compatibilityVersion = "Xcode 9.3";
			developmentRegion = en;
			hasScannedForEncodings = 0;
			knownRegions = (
				en,
				Base,
			);
			mainGroup = 2D95AE38215A630300406FDB;
			productRefGroup = 2D95AE42215A630300406FDB /* Products */;
			projectDirPath = "";
			projectRoot = "";
			targets = (
				2D95AE40215A630300406FDB /* SwpExtensionDemo */,
			);
		};
/* End PBXProject section */

/* Begin PBXResourcesBuildPhase section */
		2D95AE3F215A630300406FDB /* Resources */ = {
			isa = PBXResourcesBuildPhase;
			buildActionMask = 2147483647;
			files = (
				2D95AE4F215A630400406FDB /* LaunchScreen.storyboard in Resources */,
				2D95AE4C215A630400406FDB /* Assets.xcassets in Resources */,
				2D95AE4A215A630300406FDB /* Main.storyboard in Resources */,
				2D6E676521737D1900D6ABAE /* NavigationDemoListModel.plist in Resources */,
				2D6E676321737D1900D6ABAE /* UIDemoModel.plist in Resources */,
			);
			runOnlyForDeploymentPostprocessing = 0;
		};
/* End PBXResourcesBuildPhase section */

/* Begin PBXShellScriptBuildPhase section */
		10504E481B864FDDD59FB3BB /* [CP] Embed Pods Frameworks */ = {
			isa = PBXShellScriptBuildPhase;
			buildActionMask = 2147483647;
			files = (
			);
			inputFileListPaths = (
			);
			inputPaths = (
				"${PODS_ROOT}/Target Support Files/Pods-SwpExtensionDemo/Pods-SwpExtensionDemo-frameworks.sh",
				"${BUILT_PRODUCTS_DIR}/SnapKit/SnapKit.framework",
				"${BUILT_PRODUCTS_DIR}/SwpExtension/SwpExtension.framework",
			);
			name = "[CP] Embed Pods Frameworks";
			outputFileListPaths = (
			);
			outputPaths = (
				"${TARGET_BUILD_DIR}/${FRAMEWORKS_FOLDER_PATH}/SnapKit.framework",
				"${TARGET_BUILD_DIR}/${FRAMEWORKS_FOLDER_PATH}/SwpExtension.framework",
			);
			runOnlyForDeploymentPostprocessing = 0;
			shellPath = /bin/sh;
			shellScript = "\"${PODS_ROOT}/Target Support Files/Pods-SwpExtensionDemo/Pods-SwpExtensionDemo-frameworks.sh\"\n";
			showEnvVarsInLog = 0;
		};
		1301847FD4E07E66710DF44F /* [CP] Check Pods Manifest.lock */ = {
			isa = PBXShellScriptBuildPhase;
			buildActionMask = 2147483647;
			files = (
			);
			inputFileListPaths = (
			);
			inputPaths = (
				"${PODS_PODFILE_DIR_PATH}/Podfile.lock",
				"${PODS_ROOT}/Manifest.lock",
			);
			name = "[CP] Check Pods Manifest.lock";
			outputFileListPaths = (
			);
			outputPaths = (
				"$(DERIVED_FILE_DIR)/Pods-SwpExtensionDemo-checkManifestLockResult.txt",
			);
			runOnlyForDeploymentPostprocessing = 0;
			shellPath = /bin/sh;
			shellScript = "diff \"${PODS_PODFILE_DIR_PATH}/Podfile.lock\" \"${PODS_ROOT}/Manifest.lock\" > /dev/null\nif [ $? != 0 ] ; then\n    # print error to STDERR\n    echo \"error: The sandbox is not in sync with the Podfile.lock. Run 'pod install' or update your CocoaPods installation.\" >&2\n    exit 1\nfi\n# This output is used by Xcode 'outputs' to avoid re-running this script phase.\necho \"SUCCESS\" > \"${SCRIPT_OUTPUT_FILE_0}\"\n";
			showEnvVarsInLog = 0;
		};
/* End PBXShellScriptBuildPhase section */

/* Begin PBXSourcesBuildPhase section */
		2D95AE3D215A630300406FDB /* Sources */ = {
			isa = PBXSourcesBuildPhase;
			buildActionMask = 2147483647;
			files = (
				2D6E677621737D4900D6ABAE /* DemoListModel.swift in Sources */,
				2D6E677821737D4900D6ABAE /* DemoCell.swift in Sources */,
				2D6E676D21737D1900D6ABAE /* EXBaseTableView.swift in Sources */,
				2D6E676A21737D1900D6ABAE /* EXBaseViewController.swift in Sources */,
				2D6E676821737D1900D6ABAE /* UINavigation3ViewController.swift in Sources */,
				2D6E676B21737D1900D6ABAE /* EXTabBarController.swift in Sources */,
				2D6E676C21737D1900D6ABAE /* EXBaseCell.swift in Sources */,
				2D6E676121737D1900D6ABAE /* UITextFieldViewController.swift in Sources */,
				2D6E677721737D4900D6ABAE /* DemoViewController.swift in Sources */,
				2D6E676421737D1900D6ABAE /* NavigationDemoListViewController.swift in Sources */,
				2D6E676721737D1900D6ABAE /* UINavigation2ViewController.swift in Sources */,
				2D6E677921737D4900D6ABAE /* DemoTableView.swift in Sources */,
				2D6E676921737D1900D6ABAE /* EXNavigationController.swift in Sources */,
				2D6E676621737D1900D6ABAE /* UINavigation1ViewController.swift in Sources */,
				2D6E676E21737D1900D6ABAE /* EXBaseEventProtocol.swift in Sources */,
				2D95AE45215A630300406FDB /* AppDelegate.swift in Sources */,
				2D6E676021737D1900D6ABAE /* UIButtonViewController.swift in Sources */,
				2D6E676221737D1900D6ABAE /* UIDemoListViewController.swift in Sources */,
			);
			runOnlyForDeploymentPostprocessing = 0;
		};
/* End PBXSourcesBuildPhase section */

/* Begin PBXVariantGroup section */
		2D95AE48215A630300406FDB /* Main.storyboard */ = {
			isa = PBXVariantGroup;
			children = (
				2D95AE49215A630300406FDB /* Base */,
			);
			name = Main.storyboard;
			sourceTree = "<group>";
		};
		2D95AE4D215A630400406FDB /* LaunchScreen.storyboard */ = {
			isa = PBXVariantGroup;
			children = (
				2D95AE4E215A630400406FDB /* Base */,
			);
			name = LaunchScreen.storyboard;
			sourceTree = "<group>";
		};
/* End PBXVariantGroup section */

/* Begin XCBuildConfiguration section */
		2D95AE51215A630400406FDB /* Debug */ = {
			isa = XCBuildConfiguration;
			buildSettings = {
				ALWAYS_SEARCH_USER_PATHS = NO;
				CLANG_ANALYZER_NONNULL = YES;
				CLANG_ANALYZER_NUMBER_OBJECT_CONVERSION = YES_AGGRESSIVE;
				CLANG_CXX_LANGUAGE_STANDARD = "gnu++14";
				CLANG_CXX_LIBRARY = "libc++";
				CLANG_ENABLE_MODULES = YES;
				CLANG_ENABLE_OBJC_ARC = YES;
				CLANG_ENABLE_OBJC_WEAK = YES;
				CLANG_WARN_BLOCK_CAPTURE_AUTORELEASING = YES;
				CLANG_WARN_BOOL_CONVERSION = YES;
				CLANG_WARN_COMMA = YES;
				CLANG_WARN_CONSTANT_CONVERSION = YES;
				CLANG_WARN_DEPRECATED_OBJC_IMPLEMENTATIONS = YES;
				CLANG_WARN_DIRECT_OBJC_ISA_USAGE = YES_ERROR;
				CLANG_WARN_DOCUMENTATION_COMMENTS = YES;
				CLANG_WARN_EMPTY_BODY = YES;
				CLANG_WARN_ENUM_CONVERSION = YES;
				CLANG_WARN_INFINITE_RECURSION = YES;
				CLANG_WARN_INT_CONVERSION = YES;
				CLANG_WARN_NON_LITERAL_NULL_CONVERSION = YES;
				CLANG_WARN_OBJC_IMPLICIT_RETAIN_SELF = YES;
				CLANG_WARN_OBJC_LITERAL_CONVERSION = YES;
				CLANG_WARN_OBJC_ROOT_CLASS = YES_ERROR;
				CLANG_WARN_RANGE_LOOP_ANALYSIS = YES;
				CLANG_WARN_STRICT_PROTOTYPES = YES;
				CLANG_WARN_SUSPICIOUS_MOVE = YES;
				CLANG_WARN_UNGUARDED_AVAILABILITY = YES_AGGRESSIVE;
				CLANG_WARN_UNREACHABLE_CODE = YES;
				CLANG_WARN__DUPLICATE_METHOD_MATCH = YES;
				CODE_SIGN_IDENTITY = "iPhone Developer";
				COPY_PHASE_STRIP = NO;
				DEBUG_INFORMATION_FORMAT = dwarf;
				ENABLE_STRICT_OBJC_MSGSEND = YES;
				ENABLE_TESTABILITY = YES;
				GCC_C_LANGUAGE_STANDARD = gnu11;
				GCC_DYNAMIC_NO_PIC = NO;
				GCC_NO_COMMON_BLOCKS = YES;
				GCC_OPTIMIZATION_LEVEL = 0;
				GCC_PREPROCESSOR_DEFINITIONS = (
					"DEBUG=1",
					"$(inherited)",
				);
				GCC_WARN_64_TO_32_BIT_CONVERSION = YES;
				GCC_WARN_ABOUT_RETURN_TYPE = YES_ERROR;
				GCC_WARN_UNDECLARED_SELECTOR = YES;
				GCC_WARN_UNINITIALIZED_AUTOS = YES_AGGRESSIVE;
				GCC_WARN_UNUSED_FUNCTION = YES;
				GCC_WARN_UNUSED_VARIABLE = YES;
				IPHONEOS_DEPLOYMENT_TARGET = 12.0;
				MTL_ENABLE_DEBUG_INFO = INCLUDE_SOURCE;
				MTL_FAST_MATH = YES;
				ONLY_ACTIVE_ARCH = YES;
				SDKROOT = iphoneos;
				SWIFT_ACTIVE_COMPILATION_CONDITIONS = DEBUG;
				SWIFT_OPTIMIZATION_LEVEL = "-Onone";
			};
			name = Debug;
		};
		2D95AE52215A630400406FDB /* Release */ = {
			isa = XCBuildConfiguration;
			buildSettings = {
				ALWAYS_SEARCH_USER_PATHS = NO;
				CLANG_ANALYZER_NONNULL = YES;
				CLANG_ANALYZER_NUMBER_OBJECT_CONVERSION = YES_AGGRESSIVE;
				CLANG_CXX_LANGUAGE_STANDARD = "gnu++14";
				CLANG_CXX_LIBRARY = "libc++";
				CLANG_ENABLE_MODULES = YES;
				CLANG_ENABLE_OBJC_ARC = YES;
				CLANG_ENABLE_OBJC_WEAK = YES;
				CLANG_WARN_BLOCK_CAPTURE_AUTORELEASING = YES;
				CLANG_WARN_BOOL_CONVERSION = YES;
				CLANG_WARN_COMMA = YES;
				CLANG_WARN_CONSTANT_CONVERSION = YES;
				CLANG_WARN_DEPRECATED_OBJC_IMPLEMENTATIONS = YES;
				CLANG_WARN_DIRECT_OBJC_ISA_USAGE = YES_ERROR;
				CLANG_WARN_DOCUMENTATION_COMMENTS = YES;
				CLANG_WARN_EMPTY_BODY = YES;
				CLANG_WARN_ENUM_CONVERSION = YES;
				CLANG_WARN_INFINITE_RECURSION = YES;
				CLANG_WARN_INT_CONVERSION = YES;
				CLANG_WARN_NON_LITERAL_NULL_CONVERSION = YES;
				CLANG_WARN_OBJC_IMPLICIT_RETAIN_SELF = YES;
				CLANG_WARN_OBJC_LITERAL_CONVERSION = YES;
				CLANG_WARN_OBJC_ROOT_CLASS = YES_ERROR;
				CLANG_WARN_RANGE_LOOP_ANALYSIS = YES;
				CLANG_WARN_STRICT_PROTOTYPES = YES;
				CLANG_WARN_SUSPICIOUS_MOVE = YES;
				CLANG_WARN_UNGUARDED_AVAILABILITY = YES_AGGRESSIVE;
				CLANG_WARN_UNREACHABLE_CODE = YES;
				CLANG_WARN__DUPLICATE_METHOD_MATCH = YES;
				CODE_SIGN_IDENTITY = "iPhone Developer";
				COPY_PHASE_STRIP = NO;
				DEBUG_INFORMATION_FORMAT = "dwarf-with-dsym";
				ENABLE_NS_ASSERTIONS = NO;
				ENABLE_STRICT_OBJC_MSGSEND = YES;
				GCC_C_LANGUAGE_STANDARD = gnu11;
				GCC_NO_COMMON_BLOCKS = YES;
				GCC_WARN_64_TO_32_BIT_CONVERSION = YES;
				GCC_WARN_ABOUT_RETURN_TYPE = YES_ERROR;
				GCC_WARN_UNDECLARED_SELECTOR = YES;
				GCC_WARN_UNINITIALIZED_AUTOS = YES_AGGRESSIVE;
				GCC_WARN_UNUSED_FUNCTION = YES;
				GCC_WARN_UNUSED_VARIABLE = YES;
				IPHONEOS_DEPLOYMENT_TARGET = 12.0;
				MTL_ENABLE_DEBUG_INFO = NO;
				MTL_FAST_MATH = YES;
				SDKROOT = iphoneos;
				SWIFT_COMPILATION_MODE = wholemodule;
				SWIFT_OPTIMIZATION_LEVEL = "-O";
				VALIDATE_PRODUCT = YES;
			};
			name = Release;
		};
		2D95AE54215A630400406FDB /* Debug */ = {
			isa = XCBuildConfiguration;
			baseConfigurationReference = 9E0B5E110A848D4DB7D9683E /* Pods-SwpExtensionDemo.debug.xcconfig */;
			buildSettings = {
				ASSETCATALOG_COMPILER_APPICON_NAME = AppIcon;
				CODE_SIGN_IDENTITY = "iPhone Developer";
				CODE_SIGN_STYLE = Automatic;
				DEVELOPMENT_TEAM = 82H82JJ5FE;
				INFOPLIST_FILE = SwpExtensionDemo/Info.plist;
				LD_RUNPATH_SEARCH_PATHS = (
					"$(inherited)",
					"@executable_path/Frameworks",
				);
				PRODUCT_BUNDLE_IDENTIFIER = "com.swp-song.";
				PRODUCT_NAME = "$(TARGET_NAME)";
				PROVISIONING_PROFILE_SPECIFIER = "";
				SWIFT_VERSION = 4.2;
				TARGETED_DEVICE_FAMILY = 1;
			};
			name = Debug;
		};
		2D95AE55215A630400406FDB /* Release */ = {
			isa = XCBuildConfiguration;
			baseConfigurationReference = 9206BD3091E0461378703813 /* Pods-SwpExtensionDemo.release.xcconfig */;
			buildSettings = {
				ASSETCATALOG_COMPILER_APPICON_NAME = AppIcon;
				CODE_SIGN_IDENTITY = "iPhone Developer";
				CODE_SIGN_STYLE = Automatic;
				DEVELOPMENT_TEAM = 82H82JJ5FE;
				INFOPLIST_FILE = SwpExtensionDemo/Info.plist;
				LD_RUNPATH_SEARCH_PATHS = (
					"$(inherited)",
					"@executable_path/Frameworks",
				);
				PRODUCT_BUNDLE_IDENTIFIER = "com.swp-song.";
				PRODUCT_NAME = "$(TARGET_NAME)";
				PROVISIONING_PROFILE_SPECIFIER = "";
				SWIFT_VERSION = 4.2;
				TARGETED_DEVICE_FAMILY = 1;
			};
			name = Release;
		};
/* End XCBuildConfiguration section */

/* Begin XCConfigurationList section */
		2D95AE3C215A630300406FDB /* Build configuration list for PBXProject "SwpExtensionDemo" */ = {
			isa = XCConfigurationList;
			buildConfigurations = (
				2D95AE51215A630400406FDB /* Debug */,
				2D95AE52215A630400406FDB /* Release */,
			);
			defaultConfigurationIsVisible = 0;
			defaultConfigurationName = Release;
		};
		2D95AE53215A630400406FDB /* Build configuration list for PBXNativeTarget "SwpExtensionDemo" */ = {
			isa = XCConfigurationList;
			buildConfigurations = (
				2D95AE54215A630400406FDB /* Debug */,
				2D95AE55215A630400406FDB /* Release */,
			);
			defaultConfigurationIsVisible = 0;
			defaultConfigurationName = Release;
		};
/* End XCConfigurationList section */
	};
	rootObject = 2D95AE39215A630300406FDB /* Project object */;
}
